
Microsoft Visual Studio Solution File, Format Version 12.00
# Visual Studio Version 16
VisualStudioVersion = 16.0.31515.178
MinimumVisualStudioVersion = 10.0.40219.1
Project("{9A19103F-16F7-4668-BE54-9A1E7A4F7556}") = "WebAPI", "WebAPI\WebAPI.csproj", "{C1AF3603-C9F1-4A14-A072-09D8F0239844}"
EndProject
Project("{9A19103F-16F7-4668-BE54-9A1E7A4F7556}") = "WebModels", "WebModels\WebModels.csproj", "{CB3B0FAA-88E3-46D6-B59D-CAB38EDBF736}"
EndProject
Project("{FAE04EC0-301F-11D3-BF4B-00C04F79EFBC}") = "WebApp", "WebApp\WebApp.csproj", "{A6110AD3-FAC7-4915-95CE-663333C4522F}"
EndProject
Global
	GlobalSection(SolutionConfigurationPlatforms) = preSolution
		Debug|Any CPU = Debug|Any CPU
		Release|Any CPU = Release|Any CPU
	EndGlobalSection
	GlobalSection(ProjectConfigurationPlatforms) = postSolution
		{C1AF3603-C9F1-4A14-A072-09D8F0239844}.Debug|Any CPU.ActiveCfg = Debug|Any CPU
		{C1AF3603-C9F1-4A14-A072-09D8F0239844}.Debug|Any CPU.Build.0 = Debug|Any CPU
		{C1AF3603-C9F1-4A14-A072-09D8F0239844}.Release|Any CPU.ActiveCfg = Release|Any CPU
		{C1AF3603-C9F1-4A14-A072-09D8F0239844}.Release|Any CPU.Build.0 = Release|Any CPU
		{CB3B0FAA-88E3-46D6-B59D-CAB38EDBF736}.Debug|Any CPU.ActiveCfg = Debug|Any CPU
		{CB3B0FAA-88E3-46D6-B59D-CAB38EDBF736}.Debug|Any CPU.Build.0 = Debug|Any CPU
		{CB3B0FAA-88E3-46D6-B59D-CAB38EDBF736}.Release|Any CPU.ActiveCfg = Release|Any CPU
		{CB3B0FAA-88E3-46D6-B59D-CAB38EDBF736}.Release|Any CPU.Build.0 = Release|Any CPU
		{A6110AD3-FAC7-4915-95CE-663333C4522F}.Debug|Any CPU.ActiveCfg = Debug|Any CPU
		{A6110AD3-FAC7-4915-95CE-663333C4522F}.Debug|Any CPU.Build.0 = Debug|Any CPU
		{A6110AD3-FAC7-4915-95CE-663333C4522F}.Release|Any CPU.ActiveCfg = Release|Any CPU
		{A6110AD3-FAC7-4915-95CE-663333C4522F}.Release|Any CPU.Build.0 = Release|Any CPU
	EndGlobalSection
	GlobalSection(SolutionProperties) = preSolution
		HideSolutionNode = FALSE
	EndGlobalSection
	GlobalSection(ExtensibilityGlobals) = postSolution
		SolutionGuid = {6C74AC63-7A08-432B-B35F-25F8103F5A01}
	EndGlobalSection
EndGlobal
